
Microsoft Visual Studio Solution File, Format Version 12.00
# Visual Studio Version 16
VisualStudioVersion = 16.0.31402.337
MinimumVisualStudioVersion = 10.0.40219.1
Project("{9A19103F-16F7-4668-BE54-9A1E7A4F7556}") = "WbSales", "WbSales\WbSales.csproj", "{7409185A-EFED-468C-A5BA-44006EEEA4FA}"
EndProject
Project("{9A19103F-16F7-4668-BE54-9A1E7A4F7556}") = "Support", "Support\Support.csproj", "{0F1AE7F6-716C-4A18-94A3-D937C1708970}"
EndProject
Global
	GlobalSection(SolutionConfigurationPlatforms) = preSolution
		Debug|Any CPU = Debug|Any CPU
		Release|Any CPU = Release|Any CPU
	EndGlobalSection
	GlobalSection(ProjectConfigurationPlatforms) = postSolution
		{7409185A-EFED-468C-A5BA-44006EEEA4FA}.Debug|Any CPU.ActiveCfg = Debug|Any CPU
		{7409185A-EFED-468C-A5BA-44006EEEA4FA}.Debug|Any CPU.Build.0 = Debug|Any CPU
		{7409185A-EFED-468C-A5BA-44006EEEA4FA}.Release|Any CPU.ActiveCfg = Release|Any CPU
		{7409185A-EFED-468C-A5BA-44006EEEA4FA}.Release|Any CPU.Build.0 = Release|Any CPU
		{0F1AE7F6-716C-4A18-94A3-D937C1708970}.Debug|Any CPU.ActiveCfg = Debug|Any CPU
		{0F1AE7F6-716C-4A18-94A3-D937C1708970}.Debug|Any CPU.Build.0 = Debug|Any CPU
		{0F1AE7F6-716C-4A18-94A3-D937C1708970}.Release|Any CPU.ActiveCfg = Release|Any CPU
		{0F1AE7F6-716C-4A18-94A3-D937C1708970}.Release|Any CPU.Build.0 = Release|Any CPU
	EndGlobalSection
	GlobalSection(SolutionProperties) = preSolution
		HideSolutionNode = FALSE
	EndGlobalSection
	GlobalSection(ExtensibilityGlobals) = postSolution
		SolutionGuid = {9CD51BDA-3EE0-42F3-9EB4-A53E9A707217}
	EndGlobalSection
EndGlobal
